
Microsoft Visual Studio Solution File, Format Version 12.00
# Visual Studio 15
VisualStudioVersion = 15.0.28307.705
MinimumVisualStudioVersion = 10.0.40219.1
Project("{FAE04EC0-301F-11D3-BF4B-00C04F79EFBC}") = "TaskLibrary", "TaskLibrary\TaskLibrary.csproj", "{B023320A-0687-47C5-85DD-AA5E2AA1FCC1}"
EndProject
Global
	GlobalSection(SolutionConfigurationPlatforms) = preSolution
		Debug|Any CPU = Debug|Any CPU
		Release|Any CPU = Release|Any CPU
	EndGlobalSection
	GlobalSection(ProjectConfigurationPlatforms) = postSolution
		{B023320A-0687-47C5-85DD-AA5E2AA1FCC1}.Debug|Any CPU.ActiveCfg = Debug|Any CPU
		{B023320A-0687-47C5-85DD-AA5E2AA1FCC1}.Debug|Any CPU.Build.0 = Debug|Any CPU
		{B023320A-0687-47C5-85DD-AA5E2AA1FCC1}.Release|Any CPU.ActiveCfg = Release|Any CPU
		{B023320A-0687-47C5-85DD-AA5E2AA1FCC1}.Release|Any CPU.Build.0 = Release|Any CPU
	EndGlobalSection
	GlobalSection(SolutionProperties) = preSolution
		HideSolutionNode = FALSE
	EndGlobalSection
	GlobalSection(ExtensibilityGlobals) = postSolution
		SolutionGuid = {7C25F091-9DBE-482D-9050-357B1EC77F57}
	EndGlobalSection
EndGlobal
